// !$*UTF8*$!
{
	archiveVersion = 1;
	classes = {
	};
	objectVersion = 46;
	objects = {

/* Begin PBXBuildFile section */
		C20755F815A07B2C00B808C3 /* test1.cpp in Sources */ = {isa = PBXBuildFile; fileRef = C20755F715A07B2C00B808C3 /* test1.cpp */; };
		C20755FA15A07B2C00B808C3 /* test1.1 in CopyFiles */ = {isa = PBXBuildFile; fileRef = C20755F915A07B2C00B808C3 /* test1.1 */; };
		C20755FF15A07B5500B808C3 /* libdwMalloc copy.a in Frameworks */ = {isa = PBXBuildFile; fileRef = C29EC88015A06C6D0095DC27 /* libdwMalloc copy.a */; };
		C29EC87A15A06C6D0095DC27 /* dwMalloc.cpp in Sources */ = {isa = PBXBuildFile; fileRef = C29EC87515A06B1F0095DC27 /* dwMalloc.cpp */; };
		C29EC88115A06C940095DC27 /* malloc.cpp in Sources */ = {isa = PBXBuildFile; fileRef = C29EC87215A06A5E0095DC27 /* malloc.cpp */; };
		C29FDD0415A632C60050E63A /* libdwMalloc copy.a in Frameworks */ = {isa = PBXBuildFile; fileRef = C29EC88015A06C6D0095DC27 /* libdwMalloc copy.a */; };
		C29FDD0C15A632DA0050E63A /* test3.cpp in Sources */ = {isa = PBXBuildFile; fileRef = C29FDCFE15A632BB0050E63A /* test3.cpp */; };
		C2D6E82615A17A26008F36E8 /* test2.cpp in Sources */ = {isa = PBXBuildFile; fileRef = C2D6E81515A1793E008F36E8 /* test2.cpp */; };
		C2D6E82715A17A2F008F36E8 /* libdwMalloc copy.a in Frameworks */ = {isa = PBXBuildFile; fileRef = C29EC88015A06C6D0095DC27 /* libdwMalloc copy.a */; };
/* End PBXBuildFile section */

/* Begin PBXContainerItemProxy section */
		C207560115A07C3E00B808C3 /* PBXContainerItemProxy */ = {
			isa = PBXContainerItemProxy;
			containerPortal = C29EC86015A06A1D0095DC27 /* Project object */;
			proxyType = 1;
			remoteGlobalIDString = C29EC87815A06C6D0095DC27;
			remoteInfo = dwMalloc;
		};
/* End PBXContainerItemProxy section */

/* Begin PBXCopyFilesBuildPhase section */
		C20755F215A07B2B00B808C3 /* CopyFiles */ = {
			isa = PBXCopyFilesBuildPhase;
			buildActionMask = 2147483647;
			dstPath = /usr/share/man/man1/;
			dstSubfolderSpec = 0;
			files = (
				C20755FA15A07B2C00B808C3 /* test1.1 in CopyFiles */,
			);
			runOnlyForDeploymentPostprocessing = 1;
		};
		C29FDD0515A632C60050E63A /* CopyFiles */ = {
			isa = PBXCopyFilesBuildPhase;
			buildActionMask = 2147483647;
			dstPath = /usr/share/man/man1/;
			dstSubfolderSpec = 0;
			files = (
			);
			runOnlyForDeploymentPostprocessing = 1;
		};
		C2D6E81A15A17A21008F36E8 /* CopyFiles */ = {
			isa = PBXCopyFilesBuildPhase;
			buildActionMask = 2147483647;
			dstPath = /usr/share/man/man1/;
			dstSubfolderSpec = 0;
			files = (
			);
			runOnlyForDeploymentPostprocessing = 1;
		};
/* End PBXCopyFilesBuildPhase section */

/* Begin PBXFileReference section */
		C20755F415A07B2C00B808C3 /* test1 */ = {isa = PBXFileReference; explicitFileType = "compiled.mach-o.executable"; includeInIndex = 0; path = test1; sourceTree = BUILT_PRODUCTS_DIR; };
		C20755F715A07B2C00B808C3 /* test1.cpp */ = {isa = PBXFileReference; lastKnownFileType = sourcecode.cpp.cpp; path = test1.cpp; sourceTree = "<group>"; };
		C20755F915A07B2C00B808C3 /* test1.1 */ = {isa = PBXFileReference; lastKnownFileType = text.man; path = test1.1; sourceTree = "<group>"; };
		C207560015A07B7200B808C3 /* dwMalloc.h */ = {isa = PBXFileReference; lastKnownFileType = sourcecode.c.h; path = dwMalloc.h; sourceTree = "<group>"; };
		C24E56E915AF72FC00612187 /* CMakeLists.txt */ = {isa = PBXFileReference; lastKnownFileType = text; path = CMakeLists.txt; sourceTree = "<group>"; };
		C29EC87115A06A5E0095DC27 /* malloc-2.8.3.h */ = {isa = PBXFileReference; fileEncoding = 4; lastKnownFileType = sourcecode.c.h; path = "malloc-2.8.3.h"; sourceTree = "<group>"; };
		C29EC87215A06A5E0095DC27 /* malloc.cpp */ = {isa = PBXFileReference; fileEncoding = 4; lastKnownFileType = sourcecode.cpp.cpp; path = malloc.cpp; sourceTree = "<group>"; };
		C29EC87515A06B1F0095DC27 /* dwMalloc.cpp */ = {isa = PBXFileReference; fileEncoding = 4; lastKnownFileType = sourcecode.cpp.cpp; path = dwMalloc.cpp; sourceTree = "<group>"; };
		C29EC88015A06C6D0095DC27 /* libdwMalloc copy.a */ = {isa = PBXFileReference; explicitFileType = archive.ar; includeInIndex = 0; path = "libdwMalloc copy.a"; sourceTree = BUILT_PRODUCTS_DIR; };
		C29FDCFE15A632BB0050E63A /* test3.cpp */ = {isa = PBXFileReference; lastKnownFileType = sourcecode.cpp.cpp; path = test3.cpp; sourceTree = "<group>"; };
		C29FDD0A15A632C60050E63A /* test2 copy */ = {isa = PBXFileReference; explicitFileType = "compiled.mach-o.executable"; includeInIndex = 0; path = "test2 copy"; sourceTree = BUILT_PRODUCTS_DIR; };
		C2D6E81515A1793E008F36E8 /* test2.cpp */ = {isa = PBXFileReference; fileEncoding = 4; lastKnownFileType = sourcecode.cpp.cpp; path = test2.cpp; sourceTree = "<group>"; };
		C2D6E81C15A17A21008F36E8 /* test2 */ = {isa = PBXFileReference; explicitFileType = "compiled.mach-o.executable"; includeInIndex = 0; path = test2; sourceTree = BUILT_PRODUCTS_DIR; };
/* End PBXFileReference section */

/* Begin PBXFrameworksBuildPhase section */
		C20755F115A07B2B00B808C3 /* Frameworks */ = {
			isa = PBXFrameworksBuildPhase;
			buildActionMask = 2147483647;
			files = (
				C20755FF15A07B5500B808C3 /* libdwMalloc copy.a in Frameworks */,
			);
			runOnlyForDeploymentPostprocessing = 0;
		};
		C29EC87B15A06C6D0095DC27 /* Frameworks */ = {
			isa = PBXFrameworksBuildPhase;
			buildActionMask = 2147483647;
			files = (
			);
			runOnlyForDeploymentPostprocessing = 0;
		};
		C29FDD0315A632C60050E63A /* Frameworks */ = {
			isa = PBXFrameworksBuildPhase;
			buildActionMask = 2147483647;
			files = (
				C29FDD0415A632C60050E63A /* libdwMalloc copy.a in Frameworks */,
			);
			runOnlyForDeploymentPostprocessing = 0;
		};
		C2D6E81915A17A21008F36E8 /* Frameworks */ = {
			isa = PBXFrameworksBuildPhase;
			buildActionMask = 2147483647;
			files = (
				C2D6E82715A17A2F008F36E8 /* libdwMalloc copy.a in Frameworks */,
			);
			runOnlyForDeploymentPostprocessing = 0;
		};
/* End PBXFrameworksBuildPhase section */

/* Begin PBXGroup section */
		C20755F615A07B2C00B808C3 /* test1 */ = {
			isa = PBXGroup;
			children = (
				C20755F715A07B2C00B808C3 /* test1.cpp */,
				C2D6E81515A1793E008F36E8 /* test2.cpp */,
				C29FDCFE15A632BB0050E63A /* test3.cpp */,
				C20755F915A07B2C00B808C3 /* test1.1 */,
			);
			path = test1;
			sourceTree = "<group>";
		};
		C29EC85E15A06A1D0095DC27 = {
			isa = PBXGroup;
			children = (
				C29EC88215A070540095DC27 /* Tests */,
				C29EC87015A06A2E0095DC27 /* Sources */,
				C20755F615A07B2C00B808C3 /* test1 */,
				C29EC86A15A06A1D0095DC27 /* Products */,
			);
			sourceTree = "<group>";
		};
		C29EC86A15A06A1D0095DC27 /* Products */ = {
			isa = PBXGroup;
			children = (
				C29EC88015A06C6D0095DC27 /* libdwMalloc copy.a */,
				C20755F415A07B2C00B808C3 /* test1 */,
				C2D6E81C15A17A21008F36E8 /* test2 */,
				C29FDD0A15A632C60050E63A /* test2 copy */,
			);
			name = Products;
			sourceTree = "<group>";
		};
		C29EC87015A06A2E0095DC27 /* Sources */ = {
			isa = PBXGroup;
			children = (
				C24E56E915AF72FC00612187 /* CMakeLists.txt */,
				C29EC87115A06A5E0095DC27 /* malloc-2.8.3.h */,
				C29EC87215A06A5E0095DC27 /* malloc.cpp */,
				C29EC87515A06B1F0095DC27 /* dwMalloc.cpp */,
				C207560015A07B7200B808C3 /* dwMalloc.h */,
			);
			name = Sources;
			sourceTree = "<group>";
		};
		C29EC88215A070540095DC27 /* Tests */ = {
			isa = PBXGroup;
			children = (
			);
			name = Tests;
			sourceTree = "<group>";
		};
/* End PBXGroup section */

/* Begin PBXHeadersBuildPhase section */
		C29EC87C15A06C6D0095DC27 /* Headers */ = {
			isa = PBXHeadersBuildPhase;
			buildActionMask = 2147483647;
			files = (
			);
			runOnlyForDeploymentPostprocessing = 0;
		};
/* End PBXHeadersBuildPhase section */

/* Begin PBXNativeTarget section */
		C20755F315A07B2B00B808C3 /* test1 */ = {
			isa = PBXNativeTarget;
			buildConfigurationList = C20755FD15A07B2C00B808C3 /* Build configuration list for PBXNativeTarget "test1" */;
			buildPhases = (
				C20755F015A07B2B00B808C3 /* Sources */,
				C20755F115A07B2B00B808C3 /* Frameworks */,
				C20755F215A07B2B00B808C3 /* CopyFiles */,
			);
			buildRules = (
			);
			dependencies = (
				C207560215A07C3E00B808C3 /* PBXTargetDependency */,
			);
			name = test1;
			productName = test1;
			productReference = C20755F415A07B2C00B808C3 /* test1 */;
			productType = "com.apple.product-type.tool";
		};
		C29EC87815A06C6D0095DC27 /* dwMalloc */ = {
			isa = PBXNativeTarget;
			buildConfigurationList = C29EC87D15A06C6D0095DC27 /* Build configuration list for PBXNativeTarget "dwMalloc" */;
			buildPhases = (
				C29EC87915A06C6D0095DC27 /* Sources */,
				C29EC87B15A06C6D0095DC27 /* Frameworks */,
				C29EC87C15A06C6D0095DC27 /* Headers */,
			);
			buildRules = (
			);
			dependencies = (
			);
			name = dwMalloc;
			productName = dwMalloc;
			productReference = C29EC88015A06C6D0095DC27 /* libdwMalloc copy.a */;
			productType = "com.apple.product-type.library.static";
		};
		C29FDD0015A632C60050E63A /* test3 */ = {
			isa = PBXNativeTarget;
			buildConfigurationList = C29FDD0715A632C60050E63A /* Build configuration list for PBXNativeTarget "test3" */;
			buildPhases = (
				C29FDD0115A632C60050E63A /* Sources */,
				C29FDD0315A632C60050E63A /* Frameworks */,
				C29FDD0515A632C60050E63A /* CopyFiles */,
			);
			buildRules = (
			);
			dependencies = (
			);
			name = test3;
			productName = test2;
			productReference = C29FDD0A15A632C60050E63A /* test2 copy */;
			productType = "com.apple.product-type.tool";
		};
		C2D6E81B15A17A21008F36E8 /* test2 */ = {
			isa = PBXNativeTarget;
			buildConfigurationList = C2D6E82315A17A21008F36E8 /* Build configuration list for PBXNativeTarget "test2" */;
			buildPhases = (
				C2D6E81815A17A21008F36E8 /* Sources */,
				C2D6E81915A17A21008F36E8 /* Frameworks */,
				C2D6E81A15A17A21008F36E8 /* CopyFiles */,
			);
			buildRules = (
			);
			dependencies = (
			);
			name = test2;
			productName = test2;
			productReference = C2D6E81C15A17A21008F36E8 /* test2 */;
			productType = "com.apple.product-type.tool";
		};
/* End PBXNativeTarget section */

/* Begin PBXProject section */
		C29EC86015A06A1D0095DC27 /* Project object */ = {
			isa = PBXProject;
			attributes = {
				LastUpgradeCheck = 0430;
				ORGANIZATIONNAME = "HU Berlin";
			};
			buildConfigurationList = C29EC86315A06A1D0095DC27 /* Build configuration list for PBXProject "dwMalloc" */;
			compatibilityVersion = "Xcode 3.2";
			developmentRegion = English;
			hasScannedForEncodings = 0;
			knownRegions = (
				en,
			);
			mainGroup = C29EC85E15A06A1D0095DC27;
			productRefGroup = C29EC86A15A06A1D0095DC27 /* Products */;
			projectDirPath = "";
			projectRoot = "";
			targets = (
				C29EC87815A06C6D0095DC27 /* dwMalloc */,
				C20755F315A07B2B00B808C3 /* test1 */,
				C2D6E81B15A17A21008F36E8 /* test2 */,
				C29FDD0015A632C60050E63A /* test3 */,
			);
		};
/* End PBXProject section */

/* Begin PBXSourcesBuildPhase section */
		C20755F015A07B2B00B808C3 /* Sources */ = {
			isa = PBXSourcesBuildPhase;
			buildActionMask = 2147483647;
			files = (
				C20755F815A07B2C00B808C3 /* test1.cpp in Sources */,
			);
			runOnlyForDeploymentPostprocessing = 0;
		};
		C29EC87915A06C6D0095DC27 /* Sources */ = {
			isa = PBXSourcesBuildPhase;
			buildActionMask = 2147483647;
			files = (
				C29EC88115A06C940095DC27 /* malloc.cpp in Sources */,
				C29EC87A15A06C6D0095DC27 /* dwMalloc.cpp in Sources */,
			);
			runOnlyForDeploymentPostprocessing = 0;
		};
		C29FDD0115A632C60050E63A /* Sources */ = {
			isa = PBXSourcesBuildPhase;
			buildActionMask = 2147483647;
			files = (
				C29FDD0C15A632DA0050E63A /* test3.cpp in Sources */,
			);
			runOnlyForDeploymentPostprocessing = 0;
		};
		C2D6E81815A17A21008F36E8 /* Sources */ = {
			isa = PBXSourcesBuildPhase;
			buildActionMask = 2147483647;
			files = (
				C2D6E82615A17A26008F36E8 /* test2.cpp in Sources */,
			);
			runOnlyForDeploymentPostprocessing = 0;
		};
/* End PBXSourcesBuildPhase section */

/* Begin PBXTargetDependency section */
		C207560215A07C3E00B808C3 /* PBXTargetDependency */ = {
			isa = PBXTargetDependency;
			target = C29EC87815A06C6D0095DC27 /* dwMalloc */;
			targetProxy = C207560115A07C3E00B808C3 /* PBXContainerItemProxy */;
		};
/* End PBXTargetDependency section */

/* Begin XCBuildConfiguration section */
		C20755FB15A07B2C00B808C3 /* Debug */ = {
			isa = XCBuildConfiguration;
			buildSettings = {
				CLANG_CXX_LANGUAGE_STANDARD = "c++0x";
				CLANG_CXX_LIBRARY = "libc++";
				PRODUCT_NAME = "$(TARGET_NAME)";
			};
			name = Debug;
		};
		C20755FC15A07B2C00B808C3 /* Release */ = {
			isa = XCBuildConfiguration;
			buildSettings = {
				CLANG_CXX_LANGUAGE_STANDARD = "c++0x";
				CLANG_CXX_LIBRARY = "libc++";
				PRODUCT_NAME = "$(TARGET_NAME)";
			};
			name = Release;
		};
		C29EC86B15A06A1D0095DC27 /* Debug */ = {
			isa = XCBuildConfiguration;
			buildSettings = {
				ALWAYS_SEARCH_USER_PATHS = NO;
				ARCHS = "$(ARCHS_STANDARD_64_BIT)";
				CLANG_CXX_LANGUAGE_STANDARD = "c++0x";
				CLANG_CXX_LIBRARY = "libc++";
				COPY_PHASE_STRIP = NO;
				GCC_C_LANGUAGE_STANDARD = gnu99;
				GCC_DYNAMIC_NO_PIC = NO;
				GCC_ENABLE_OBJC_EXCEPTIONS = YES;
				GCC_OPTIMIZATION_LEVEL = 0;
				GCC_PREPROCESSOR_DEFINITIONS = (
					"DEBUG=1",
					"$(inherited)",
				);
				GCC_SYMBOLS_PRIVATE_EXTERN = NO;
				GCC_VERSION = com.apple.compilers.llvm.clang.1_0;
				GCC_WARN_64_TO_32_BIT_CONVERSION = YES;
				GCC_WARN_ABOUT_RETURN_TYPE = YES;
				GCC_WARN_UNINITIALIZED_AUTOS = YES;
				GCC_WARN_UNUSED_VARIABLE = YES;
				MACOSX_DEPLOYMENT_TARGET = 10.7;
				ONLY_ACTIVE_ARCH = YES;
				SDKROOT = macosx;
			};
			name = Debug;
		};
		C29EC86C15A06A1D0095DC27 /* Release */ = {
			isa = XCBuildConfiguration;
			buildSettings = {
				ALWAYS_SEARCH_USER_PATHS = NO;
				ARCHS = "$(ARCHS_STANDARD_64_BIT)";
				CLANG_CXX_LANGUAGE_STANDARD = "c++0x";
				CLANG_CXX_LIBRARY = "libc++";
				COPY_PHASE_STRIP = YES;
				DEBUG_INFORMATION_FORMAT = "dwarf-with-dsym";
				GCC_C_LANGUAGE_STANDARD = gnu99;
				GCC_ENABLE_OBJC_EXCEPTIONS = YES;
				GCC_VERSION = com.apple.compilers.llvm.clang.1_0;
				GCC_WARN_64_TO_32_BIT_CONVERSION = YES;
				GCC_WARN_ABOUT_RETURN_TYPE = YES;
				GCC_WARN_UNINITIALIZED_AUTOS = YES;
				GCC_WARN_UNUSED_VARIABLE = YES;
				MACOSX_DEPLOYMENT_TARGET = 10.7;
				SDKROOT = macosx;
			};
			name = Release;
		};
		C29EC87E15A06C6D0095DC27 /* Debug */ = {
			isa = XCBuildConfiguration;
			buildSettings = {
				CLANG_CXX_LANGUAGE_STANDARD = "c++0x";
				CLANG_CXX_LIBRARY = "libc++";
				EXECUTABLE_PREFIX = lib;
				HEADER_SEARCH_PATHS = ./;
				ONLY_ACTIVE_ARCH = YES;
				PRODUCT_NAME = "dwMalloc copy";
			};
			name = Debug;
		};
		C29EC87F15A06C6D0095DC27 /* Release */ = {
			isa = XCBuildConfiguration;
			buildSettings = {
				CLANG_CXX_LANGUAGE_STANDARD = "c++0x";
				CLANG_CXX_LIBRARY = "libc++";
				EXECUTABLE_PREFIX = lib;
				HEADER_SEARCH_PATHS = ./;
				ONLY_ACTIVE_ARCH = YES;
				PRODUCT_NAME = "dwMalloc copy";
			};
			name = Release;
		};
		C29FDD0815A632C60050E63A /* Debug */ = {
			isa = XCBuildConfiguration;
			buildSettings = {
				PRODUCT_NAME = "test2 copy";
			};
			name = Debug;
		};
		C29FDD0915A632C60050E63A /* Release */ = {
			isa = XCBuildConfiguration;
			buildSettings = {
				PRODUCT_NAME = "test2 copy";
			};
			name = Release;
		};
		C2D6E82415A17A21008F36E8 /* Debug */ = {
			isa = XCBuildConfiguration;
			buildSettings = {
				ONLY_ACTIVE_ARCH = NO;
				PRODUCT_NAME = "$(TARGET_NAME)";
			};
			name = Debug;
		};
		C2D6E82515A17A21008F36E8 /* Release */ = {
			isa = XCBuildConfiguration;
			buildSettings = {
				ONLY_ACTIVE_ARCH = YES;
				PRODUCT_NAME = "$(TARGET_NAME)";
			};
			name = Release;
		};
/* End XCBuildConfiguration section */

/* Begin XCConfigurationList section */
		C20755FD15A07B2C00B808C3 /* Build configuration list for PBXNativeTarget "test1" */ = {
			isa = XCConfigurationList;
			buildConfigurations = (
				C20755FB15A07B2C00B808C3 /* Debug */,
				C20755FC15A07B2C00B808C3 /* Release */,
			);
			defaultConfigurationIsVisible = 0;
			defaultConfigurationName = Release;
		};
		C29EC86315A06A1D0095DC27 /* Build configuration list for PBXProject "dwMalloc" */ = {
			isa = XCConfigurationList;
			buildConfigurations = (
				C29EC86B15A06A1D0095DC27 /* Debug */,
				C29EC86C15A06A1D0095DC27 /* Release */,
			);
			defaultConfigurationIsVisible = 0;
			defaultConfigurationName = Release;
		};
		C29EC87D15A06C6D0095DC27 /* Build configuration list for PBXNativeTarget "dwMalloc" */ = {
			isa = XCConfigurationList;
			buildConfigurations = (
				C29EC87E15A06C6D0095DC27 /* Debug */,
				C29EC87F15A06C6D0095DC27 /* Release */,
			);
			defaultConfigurationIsVisible = 0;
			defaultConfigurationName = Release;
		};
		C29FDD0715A632C60050E63A /* Build configuration list for PBXNativeTarget "test3" */ = {
			isa = XCConfigurationList;
			buildConfigurations = (
				C29FDD0815A632C60050E63A /* Debug */,
				C29FDD0915A632C60050E63A /* Release */,
			);
			defaultConfigurationIsVisible = 0;
			defaultConfigurationName = Release;
		};
		C2D6E82315A17A21008F36E8 /* Build configuration list for PBXNativeTarget "test2" */ = {
			isa = XCConfigurationList;
			buildConfigurations = (
				C2D6E82415A17A21008F36E8 /* Debug */,
				C2D6E82515A17A21008F36E8 /* Release */,
			);
			defaultConfigurationIsVisible = 0;
			defaultConfigurationName = Release;
		};
/* End XCConfigurationList section */
	};
	rootObject = C29EC86015A06A1D0095DC27 /* Project object */;
}
